Microsoft Visual Studio Solution File, Format Version 11.00
# Visual Studio 2008

Project("{13845597-B50A-2B04-7174-C272FF161B75}") = "PlayFabClientSample", "Assembly-CSharp-firstpass-vs.csproj", "{346BCC52-F845-44D9-792F-9EB83BB33632}"
EndProject
Project("{13845597-B50A-2B04-7174-C272FF161B75}") = "PlayFabClientSample", "Assembly-CSharp-vs.csproj", "{91FCA6BD-A2A6-B5EE-B4A5-C6DA574833AB}"
EndProject
Project("{13845597-B50A-2B04-7174-C272FF161B75}") = "PlayFabClientSample", "Assembly-CSharp-Editor-vs.csproj", "{4DE928DA-B6D3-5BA6-E7CF-BCAB2FB0EF24}"
EndProject
Global
	GlobalSection(SolutionConfigurationPlatforms) = preSolution
		Debug|Any CPU = Debug|Any CPU
		Release|Any CPU = Release|Any CPU
	EndGlobalSection
	GlobalSection(ProjectConfigurationPlatforms) = postSolution
		{346BCC52-F845-44D9-792F-9EB83BB33632}.Debug|Any CPU.ActiveCfg = Debug|Any CPU
		{346BCC52-F845-44D9-792F-9EB83BB33632}.Debug|Any CPU.Build.0 = Debug|Any CPU
		{346BCC52-F845-44D9-792F-9EB83BB33632}.Release|Any CPU.ActiveCfg = Release|Any CPU
		{346BCC52-F845-44D9-792F-9EB83BB33632}.Release|Any CPU.Build.0 = Release|Any CPU
		{91FCA6BD-A2A6-B5EE-B4A5-C6DA574833AB}.Debug|Any CPU.ActiveCfg = Debug|Any CPU
		{91FCA6BD-A2A6-B5EE-B4A5-C6DA574833AB}.Debug|Any CPU.Build.0 = Debug|Any CPU
		{91FCA6BD-A2A6-B5EE-B4A5-C6DA574833AB}.Release|Any CPU.ActiveCfg = Release|Any CPU
		{91FCA6BD-A2A6-B5EE-B4A5-C6DA574833AB}.Release|Any CPU.Build.0 = Release|Any CPU
		{4DE928DA-B6D3-5BA6-E7CF-BCAB2FB0EF24}.Debug|Any CPU.ActiveCfg = Debug|Any CPU
		{4DE928DA-B6D3-5BA6-E7CF-BCAB2FB0EF24}.Debug|Any CPU.Build.0 = Debug|Any CPU
		{4DE928DA-B6D3-5BA6-E7CF-BCAB2FB0EF24}.Release|Any CPU.ActiveCfg = Release|Any CPU
		{4DE928DA-B6D3-5BA6-E7CF-BCAB2FB0EF24}.Release|Any CPU.Build.0 = Release|Any CPU
	EndGlobalSection
	GlobalSection(SolutionProperties) = preSolution
		HideSolutionNode = FALSE
	EndGlobalSection
																														GlobalSection(MonoDevelopProperties) = preSolution
		StartupItem = Assembly-CSharp.csproj
		Policies = $0
		$0.TextStylePolicy = $1
		$1.inheritsSet = null
		$1.scope = text/x-csharp
		$0.CSharpFormattingPolicy = $2
		$2.inheritsSet = Mono
		$2.inheritsScope = text/x-csharp
		$2.scope = text/x-csharp
		$0.TextStylePolicy = $3
		$3.FileWidth = 120
		$3.TabWidth = 4
		$3.IndentWidth = 4
		$3.EolMarker = Unix
		$3.inheritsSet = Mono
		$3.inheritsScope = text/plain
		$3.scope = text/plain
	EndGlobalSection

EndGlobal
